{
  "name": "glo-youtube",
  "lockfileVersion": 2,
  "requires": true,
  "packages": {
    "": {
      "dependencies": {
        "swiper": "^6.5.4"
      }
    },
    "node_modules/dom7": {
      "version": "3.0.0",
      "resolved": "https://registry.npmjs.org/dom7/-/dom7-3.0.0.tgz",
      "integrity": "sha512-oNlcUdHsC4zb7Msx7JN3K0Nro1dzJ48knvBOnDPKJ2GV9wl1i5vydJZUSyOfrkKFDZEud/jBsTk92S/VGSAe/g==",
      "dependencies": {
        "ssr-window": "^3.0.0-alpha.1"
      }
    },
    "node_modules/ssr-window": {
      "version": "3.0.0",
      "resolved": "https://registry.npmjs.org/ssr-window/-/ssr-window-3.0.0.tgz",
      "integrity": "sha512-q+8UfWDg9Itrg0yWK7oe5p/XRCJpJF9OBtXfOPgSJl+u3Xd5KI328RUEvUqSMVM9CiQUEf1QdBzJMkYGErj9QA=="
    },
    "node_modules/svelte": {
      "version": "3.37.0",
      "resolved": "https://registry.npmjs.org/svelte/-/svelte-3.37.0.tgz",
      "integrity": "sha512-TRF30F4W4+d+Jr2KzUUL1j8Mrpns/WM/WacxYlo5MMb2E5Qy2Pk1Guj6GylxsW9OnKQl1tnF8q3hG/hQ3h6VUA==",
      "peer": true,
      "engines": {
        "node": ">= 8"
      }
    },
    "node_modules/swiper": {
      "version": "6.5.4",
      "resolved": "https://registry.npmjs.org/swiper/-/swiper-6.5.4.tgz",
      "integrity": "sha512-SaJGZXSf5+MNusOVllByZU2dEGWYg5n4M51Pq0sxqd9hjLgqReuGo9jlWd6B7Auy8dbVNHaPkGYem6FBjy0WOA==",
      "funding": [
        {
          "type": "patreon",
          "url": "https://www.patreon.com/vladimirkharlampidi"
        },
        {
          "type": "open_collective",
          "url": "http://opencollective.com/swiper"
        }
      ],
      "hasInstallScript": true,
      "dependencies": {
        "dom7": "^3.0.0",
        "ssr-window": "^3.0.0"
      },
      "engines": {
        "node": ">= 4.7.0"
      },
      "peerDependencies": {
        "svelte": "^3.x"
      }
    }
  },
  "dependencies": {
    "dom7": {
      "version": "3.0.0",
      "resolved": "https://registry.npmjs.org/dom7/-/dom7-3.0.0.tgz",
      "integrity": "sha512-oNlcUdHsC4zb7Msx7JN3K0Nro1dzJ48knvBOnDPKJ2GV9wl1i5vydJZUSyOfrkKFDZEud/jBsTk92S/VGSAe/g==",
      "requires": {
        "ssr-window": "^3.0.0-alpha.1"
      }
    },
    "ssr-window": {
      "version": "3.0.0",
      "resolved": "https://registry.npmjs.org/ssr-window/-/ssr-window-3.0.0.tgz",
      "integrity": "sha512-q+8UfWDg9Itrg0yWK7oe5p/XRCJpJF9OBtXfOPgSJl+u3Xd5KI328RUEvUqSMVM9CiQUEf1QdBzJMkYGErj9QA=="
    },
    "svelte": {
      "version": "3.37.0",
      "resolved": "https://registry.npmjs.org/svelte/-/svelte-3.37.0.tgz",
      "integrity": "sha512-TRF30F4W4+d+Jr2KzUUL1j8Mrpns/WM/WacxYlo5MMb2E5Qy2Pk1Guj6GylxsW9OnKQl1tnF8q3hG/hQ3h6VUA==",
      "peer": true
    },
    "swiper": {
      "version": "6.5.4",
      "resolved": "https://registry.npmjs.org/swiper/-/swiper-6.5.4.tgz",
      "integrity": "sha512-SaJGZXSf5+MNusOVllByZU2dEGWYg5n4M51Pq0sxqd9hjLgqReuGo9jlWd6B7Auy8dbVNHaPkGYem6FBjy0WOA==",
      "requires": {
        "dom7": "^3.0.0",
        "ssr-window": "^3.0.0"
      }
    }
  }
}
